// !$*UTF8*$!
{
	archiveVersion = 1;
	classes = {
	};
	objectVersion = 52;
	objects = {

/* Begin PBXBuildFile section */
		56051EFC25CC6B6F00F2F9E5 /* AppDelegate.swift in Sources */ = {isa = PBXBuildFile; fileRef = 56051EFB25CC6B6F00F2F9E5 /* AppDelegate.swift */; };
		56051F0025CC6B6F00F2F9E5 /* ViewController.swift in Sources */ = {isa = PBXBuildFile; fileRef = 56051EFF25CC6B6F00F2F9E5 /* ViewController.swift */; };
		56051F0325CC6B6F00F2F9E5 /* Main.storyboard in Resources */ = {isa = PBXBuildFile; fileRef = 56051F0125CC6B6F00F2F9E5 /* Main.storyboard */; };
		56051F0525CC6B7200F2F9E5 /* Assets.xcassets in Resources */ = {isa = PBXBuildFile; fileRef = 56051F0425CC6B7200F2F9E5 /* Assets.xcassets */; };
		56051F0825CC6B7200F2F9E5 /* LaunchScreen.storyboard in Resources */ = {isa = PBXBuildFile; fileRef = 56051F0625CC6B7200F2F9E5 /* LaunchScreen.storyboard */; };
		56051F1325CC6B7200F2F9E5 /* OneTribeTests.swift in Sources */ = {isa = PBXBuildFile; fileRef = 56051F1225CC6B7200F2F9E5 /* OneTribeTests.swift */; };
		56051F1E25CC6B7200F2F9E5 /* OneTribeUITests.swift in Sources */ = {isa = PBXBuildFile; fileRef = 56051F1D25CC6B7200F2F9E5 /* OneTribeUITests.swift */; };
		56051F3025CC6BD500F2F9E5 /* Turbo in Frameworks */ = {isa = PBXBuildFile; productRef = 56051F2F25CC6BD500F2F9E5 /* Turbo */; };
		56051F3525CC6E3800F2F9E5 /* OneTribe.swift in Sources */ = {isa = PBXBuildFile; fileRef = 56051F3425CC6E3800F2F9E5 /* OneTribe.swift */; };
		56051F3A25CC6F0300F2F9E5 /* ErrorPresenter.swift in Sources */ = {isa = PBXBuildFile; fileRef = 56051F3925CC6F0300F2F9E5 /* ErrorPresenter.swift */; };
		56051F3F25CC6FBF00F2F9E5 /* NumbersViewController.swift in Sources */ = {isa = PBXBuildFile; fileRef = 56051F3E25CC6FBF00F2F9E5 /* NumbersViewController.swift */; };
		56051F4425CC703400F2F9E5 /* SceneController.swift in Sources */ = {isa = PBXBuildFile; fileRef = 56051F4325CC703400F2F9E5 /* SceneController.swift */; };
		56051F4F25CC717B00F2F9E5 /* path-configuration.json in Resources */ = {isa = PBXBuildFile; fileRef = 56051F4E25CC717B00F2F9E5 /* path-configuration.json */; };
/* End PBXBuildFile section */

/* Begin PBXContainerItemProxy section */
		56051F0F25CC6B7200F2F9E5 /* PBXContainerItemProxy */ = {
			isa = PBXContainerItemProxy;
			containerPortal = 56051EF025CC6B6E00F2F9E5 /* Project object */;
			proxyType = 1;
			remoteGlobalIDString = 56051EF725CC6B6E00F2F9E5;
			remoteInfo = OneTribe;
		};
		56051F1A25CC6B7200F2F9E5 /* PBXContainerItemProxy */ = {
			isa = PBXContainerItemProxy;
			containerPortal = 56051EF025CC6B6E00F2F9E5 /* Project object */;
			proxyType = 1;
			remoteGlobalIDString = 56051EF725CC6B6E00F2F9E5;
			remoteInfo = OneTribe;
		};
/* End PBXContainerItemProxy section */

/* Begin PBXFileReference section */
		56051EF825CC6B6E00F2F9E5 /* OneTribe.app */ = {isa = PBXFileReference; explicitFileType = wrapper.application; includeInIndex = 0; path = OneTribe.app; sourceTree = BUILT_PRODUCTS_DIR; };
		56051EFB25CC6B6F00F2F9E5 /* AppDelegate.swift */ = {isa = PBXFileReference; lastKnownFileType = sourcecode.swift; path = AppDelegate.swift; sourceTree = "<group>"; };
		56051EFF25CC6B6F00F2F9E5 /* ViewController.swift */ = {isa = PBXFileReference; lastKnownFileType = sourcecode.swift; path = ViewController.swift; sourceTree = "<group>"; };
		56051F0225CC6B6F00F2F9E5 /* Base */ = {isa = PBXFileReference; lastKnownFileType = file.storyboard; name = Base; path = Base.lproj/Main.storyboard; sourceTree = "<group>"; };
		56051F0425CC6B7200F2F9E5 /* Assets.xcassets */ = {isa = PBXFileReference; lastKnownFileType = folder.assetcatalog; path = Assets.xcassets; sourceTree = "<group>"; };
		56051F0725CC6B7200F2F9E5 /* Base */ = {isa = PBXFileReference; lastKnownFileType = file.storyboard; name = Base; path = Base.lproj/LaunchScreen.storyboard; sourceTree = "<group>"; };
		56051F0925CC6B7200F2F9E5 /* Info.plist */ = {isa = PBXFileReference; lastKnownFileType = text.plist.xml; path = Info.plist; sourceTree = "<group>"; };
		56051F0E25CC6B7200F2F9E5 /* OneTribeTests.xctest */ = {isa = PBXFileReference; explicitFileType = wrapper.cfbundle; includeInIndex = 0; path = OneTribeTests.xctest; sourceTree = BUILT_PRODUCTS_DIR; };
		56051F1225CC6B7200F2F9E5 /* OneTribeTests.swift */ = {isa = PBXFileReference; lastKnownFileType = sourcecode.swift; path = OneTribeTests.swift; sourceTree = "<group>"; };
		56051F1425CC6B7200F2F9E5 /* Info.plist */ = {isa = PBXFileReference; lastKnownFileType = text.plist.xml; path = Info.plist; sourceTree = "<group>"; };
		56051F1925CC6B7200F2F9E5 /* OneTribeUITests.xctest */ = {isa = PBXFileReference; explicitFileType = wrapper.cfbundle; includeInIndex = 0; path = OneTribeUITests.xctest; sourceTree = BUILT_PRODUCTS_DIR; };
		56051F1D25CC6B7200F2F9E5 /* OneTribeUITests.swift */ = {isa = PBXFileReference; lastKnownFileType = sourcecode.swift; path = OneTribeUITests.swift; sourceTree = "<group>"; };
		56051F1F25CC6B7200F2F9E5 /* Info.plist */ = {isa = PBXFileReference; lastKnownFileType = text.plist.xml; path = Info.plist; sourceTree = "<group>"; };
		56051F3425CC6E3800F2F9E5 /* OneTribe.swift */ = {isa = PBXFileReference; lastKnownFileType = sourcecode.swift; path = OneTribe.swift; sourceTree = "<group>"; };
		56051F3925CC6F0300F2F9E5 /* ErrorPresenter.swift */ = {isa = PBXFileReference; lastKnownFileType = sourcecode.swift; path = ErrorPresenter.swift; sourceTree = "<group>"; };
		56051F3E25CC6FBF00F2F9E5 /* NumbersViewController.swift */ = {isa = PBXFileReference; lastKnownFileType = sourcecode.swift; path = NumbersViewController.swift; sourceTree = "<group>"; };
		56051F4325CC703400F2F9E5 /* SceneController.swift */ = {isa = PBXFileReference; lastKnownFileType = sourcecode.swift; path = SceneController.swift; sourceTree = "<group>"; };
		56051F4E25CC717B00F2F9E5 /* path-configuration.json */ = {isa = PBXFileReference; lastKnownFileType = text.json; path = "path-configuration.json"; sourceTree = "<group>"; };
		56051F5C25CC723700F2F9E5 /* OneTribe.entitlements */ = {isa = PBXFileReference; lastKnownFileType = text.plist.entitlements; path = OneTribe.entitlements; sourceTree = "<group>"; };
/* End PBXFileReference section */

/* Begin PBXFrameworksBuildPhase section */
		56051EF525CC6B6E00F2F9E5 /* Frameworks */ = {
			isa = PBXFrameworksBuildPhase;
			buildActionMask = 2147483647;
			files = (
				56051F3025CC6BD500F2F9E5 /* Turbo in Frameworks */,
			);
			runOnlyForDeploymentPostprocessing = 0;
		};
		56051F0B25CC6B7200F2F9E5 /* Frameworks */ = {
			isa = PBXFrameworksBuildPhase;
			buildActionMask = 2147483647;
			files = (
			);
			runOnlyForDeploymentPostprocessing = 0;
		};
		56051F1625CC6B7200F2F9E5 /* Frameworks */ = {
			isa = PBXFrameworksBuildPhase;
			buildActionMask = 2147483647;
			files = (
			);
			runOnlyForDeploymentPostprocessing = 0;
		};
/* End PBXFrameworksBuildPhase section */

/* Begin PBXGroup section */
		56051EEF25CC6B6E00F2F9E5 = {
			isa = PBXGroup;
			children = (
				56051EFA25CC6B6F00F2F9E5 /* OneTribe */,
				56051F1125CC6B7200F2F9E5 /* OneTribeTests */,
				56051F1C25CC6B7200F2F9E5 /* OneTribeUITests */,
				56051EF925CC6B6E00F2F9E5 /* Products */,
			);
			sourceTree = "<group>";
		};
		56051EF925CC6B6E00F2F9E5 /* Products */ = {
			isa = PBXGroup;
			children = (
				56051EF825CC6B6E00F2F9E5 /* OneTribe.app */,
				56051F0E25CC6B7200F2F9E5 /* OneTribeTests.xctest */,
				56051F1925CC6B7200F2F9E5 /* OneTribeUITests.xctest */,
			);
			name = Products;
			sourceTree = "<group>";
		};
		56051EFA25CC6B6F00F2F9E5 /* OneTribe */ = {
			isa = PBXGroup;
			children = (
				56051F5C25CC723700F2F9E5 /* OneTribe.entitlements */,
				56051F3425CC6E3800F2F9E5 /* OneTribe.swift */,
				56051EFB25CC6B6F00F2F9E5 /* AppDelegate.swift */,
				56051F4325CC703400F2F9E5 /* SceneController.swift */,
				56051EFF25CC6B6F00F2F9E5 /* ViewController.swift */,
				56051F3E25CC6FBF00F2F9E5 /* NumbersViewController.swift */,
				56051F3925CC6F0300F2F9E5 /* ErrorPresenter.swift */,
				56051F0425CC6B7200F2F9E5 /* Assets.xcassets */,
				56051F0125CC6B6F00F2F9E5 /* Main.storyboard */,
				56051F0625CC6B7200F2F9E5 /* LaunchScreen.storyboard */,
				56051F0925CC6B7200F2F9E5 /* Info.plist */,
				56051F4E25CC717B00F2F9E5 /* path-configuration.json */,
			);
			path = OneTribe;
			sourceTree = "<group>";
		};
		56051F1125CC6B7200F2F9E5 /* OneTribeTests */ = {
			isa = PBXGroup;
			children = (
				56051F1225CC6B7200F2F9E5 /* OneTribeTests.swift */,
				56051F1425CC6B7200F2F9E5 /* Info.plist */,
			);
			path = OneTribeTests;
			sourceTree = "<group>";
		};
		56051F1C25CC6B7200F2F9E5 /* OneTribeUITests */ = {
			isa = PBXGroup;
			children = (
				56051F1D25CC6B7200F2F9E5 /* OneTribeUITests.swift */,
				56051F1F25CC6B7200F2F9E5 /* Info.plist */,
			);
			path = OneTribeUITests;
			sourceTree = "<group>";
		};
/* End PBXGroup section */

/* Begin PBXNativeTarget section */
		56051EF725CC6B6E00F2F9E5 /* OneTribe */ = {
			isa = PBXNativeTarget;
			buildConfigurationList = 56051F2225CC6B7200F2F9E5 /* Build configuration list for PBXNativeTarget "OneTribe" */;
			buildPhases = (
				56051EF425CC6B6E00F2F9E5 /* Sources */,
				56051EF525CC6B6E00F2F9E5 /* Frameworks */,
				56051EF625CC6B6E00F2F9E5 /* Resources */,
			);
			buildRules = (
			);
			dependencies = (
			);
			name = OneTribe;
			packageProductDependencies = (
				56051F2F25CC6BD500F2F9E5 /* Turbo */,
			);
			productName = OneTribe;
			productReference = 56051EF825CC6B6E00F2F9E5 /* OneTribe.app */;
			productType = "com.apple.product-type.application";
		};
		56051F0D25CC6B7200F2F9E5 /* OneTribeTests */ = {
			isa = PBXNativeTarget;
			buildConfigurationList = 56051F2525CC6B7200F2F9E5 /* Build configuration list for PBXNativeTarget "OneTribeTests" */;
			buildPhases = (
				56051F0A25CC6B7200F2F9E5 /* Sources */,
				56051F0B25CC6B7200F2F9E5 /* Frameworks */,
				56051F0C25CC6B7200F2F9E5 /* Resources */,
			);
			buildRules = (
			);
			dependencies = (
				56051F1025CC6B7200F2F9E5 /* PBXTargetDependency */,
			);
			name = OneTribeTests;
			productName = OneTribeTests;
			productReference = 56051F0E25CC6B7200F2F9E5 /* OneTribeTests.xctest */;
			productType = "com.apple.product-type.bundle.unit-test";
		};
		56051F1825CC6B7200F2F9E5 /* OneTribeUITests */ = {
			isa = PBXNativeTarget;
			buildConfigurationList = 56051F2825CC6B7200F2F9E5 /* Build configuration list for PBXNativeTarget "OneTribeUITests" */;
			buildPhases = (
				56051F1525CC6B7200F2F9E5 /* Sources */,
				56051F1625CC6B7200F2F9E5 /* Frameworks */,
				56051F1725CC6B7200F2F9E5 /* Resources */,
			);
			buildRules = (
			);
			dependencies = (
				56051F1B25CC6B7200F2F9E5 /* PBXTargetDependency */,
			);
			name = OneTribeUITests;
			productName = OneTribeUITests;
			productReference = 56051F1925CC6B7200F2F9E5 /* OneTribeUITests.xctest */;
			productType = "com.apple.product-type.bundle.ui-testing";
		};
/* End PBXNativeTarget section */

/* Begin PBXProject section */
		56051EF025CC6B6E00F2F9E5 /* Project object */ = {
			isa = PBXProject;
			attributes = {
				LastSwiftUpdateCheck = 1240;
				LastUpgradeCheck = 1240;
				TargetAttributes = {
					56051EF725CC6B6E00F2F9E5 = {
						CreatedOnToolsVersion = 12.4;
					};
					56051F0D25CC6B7200F2F9E5 = {
						CreatedOnToolsVersion = 12.4;
						TestTargetID = 56051EF725CC6B6E00F2F9E5;
					};
					56051F1825CC6B7200F2F9E5 = {
						CreatedOnToolsVersion = 12.4;
						TestTargetID = 56051EF725CC6B6E00F2F9E5;
					};
				};
			};
			buildConfigurationList = 56051EF325CC6B6E00F2F9E5 /* Build configuration list for PBXProject "OneTribe" */;
			compatibilityVersion = "Xcode 9.3";
			developmentRegion = en;
			hasScannedForEncodings = 0;
			knownRegions = (
				en,
				Base,
			);
			mainGroup = 56051EEF25CC6B6E00F2F9E5;
			packageReferences = (
				56051F2E25CC6BD500F2F9E5 /* XCRemoteSwiftPackageReference "turbo-ios" */,
			);
			productRefGroup = 56051EF925CC6B6E00F2F9E5 /* Products */;
			projectDirPath = "";
			projectRoot = "";
			targets = (
				56051EF725CC6B6E00F2F9E5 /* OneTribe */,
				56051F0D25CC6B7200F2F9E5 /* OneTribeTests */,
				56051F1825CC6B7200F2F9E5 /* OneTribeUITests */,
			);
		};
/* End PBXProject section */

/* Begin PBXResourcesBuildPhase section */
		56051EF625CC6B6E00F2F9E5 /* Resources */ = {
			isa = PBXResourcesBuildPhase;
			buildActionMask = 2147483647;
			files = (
				56051F0825CC6B7200F2F9E5 /* LaunchScreen.storyboard in Resources */,
				56051F4F25CC717B00F2F9E5 /* path-configuration.json in Resources */,
				56051F0525CC6B7200F2F9E5 /* Assets.xcassets in Resources */,
				56051F0325CC6B6F00F2F9E5 /* Main.storyboard in Resources */,
			);
			runOnlyForDeploymentPostprocessing = 0;
		};
		56051F0C25CC6B7200F2F9E5 /* Resources */ = {
			isa = PBXResourcesBuildPhase;
			buildActionMask = 2147483647;
			files = (
			);
			runOnlyForDeploymentPostprocessing = 0;
		};
		56051F1725CC6B7200F2F9E5 /* Resources */ = {
			isa = PBXResourcesBuildPhase;
			buildActionMask = 2147483647;
			files = (
			);
			runOnlyForDeploymentPostprocessing = 0;
		};
/* End PBXResourcesBuildPhase section */

/* Begin PBXSourcesBuildPhase section */
		56051EF425CC6B6E00F2F9E5 /* Sources */ = {
			isa = PBXSourcesBuildPhase;
			buildActionMask = 2147483647;
			files = (
				56051F0025CC6B6F00F2F9E5 /* ViewController.swift in Sources */,
				56051F3A25CC6F0300F2F9E5 /* ErrorPresenter.swift in Sources */,
				56051F3525CC6E3800F2F9E5 /* OneTribe.swift in Sources */,
				56051F3F25CC6FBF00F2F9E5 /* NumbersViewController.swift in Sources */,
				56051EFC25CC6B6F00F2F9E5 /* AppDelegate.swift in Sources */,
				56051F4425CC703400F2F9E5 /* SceneController.swift in Sources */,
			);
			runOnlyForDeploymentPostprocessing = 0;
		};
		56051F0A25CC6B7200F2F9E5 /* Sources */ = {
			isa = PBXSourcesBuildPhase;
			buildActionMask = 2147483647;
			files = (
				56051F1325CC6B7200F2F9E5 /* OneTribeTests.swift in Sources */,
			);
			runOnlyForDeploymentPostprocessing = 0;
		};
		56051F1525CC6B7200F2F9E5 /* Sources */ = {
			isa = PBXSourcesBuildPhase;
			buildActionMask = 2147483647;
			files = (
				56051F1E25CC6B7200F2F9E5 /* OneTribeUITests.swift in Sources */,
			);
			runOnlyForDeploymentPostprocessing = 0;
		};
/* End PBXSourcesBuildPhase section */

/* Begin PBXTargetDependency section */
		56051F1025CC6B7200F2F9E5 /* PBXTargetDependency */ = {
			isa = PBXTargetDependency;
			target = 56051EF725CC6B6E00F2F9E5 /* OneTribe */;
			targetProxy = 56051F0F25CC6B7200F2F9E5 /* PBXContainerItemProxy */;
		};
		56051F1B25CC6B7200F2F9E5 /* PBXTargetDependency */ = {
			isa = PBXTargetDependency;
			target = 56051EF725CC6B6E00F2F9E5 /* OneTribe */;
			targetProxy = 56051F1A25CC6B7200F2F9E5 /* PBXContainerItemProxy */;
		};
/* End PBXTargetDependency section */

/* Begin PBXVariantGroup section */
		56051F0125CC6B6F00F2F9E5 /* Main.storyboard */ = {
			isa = PBXVariantGroup;
			children = (
				56051F0225CC6B6F00F2F9E5 /* Base */,
			);
			name = Main.storyboard;
			sourceTree = "<group>";
		};
		56051F0625CC6B7200F2F9E5 /* LaunchScreen.storyboard */ = {
			isa = PBXVariantGroup;
			children = (
				56051F0725CC6B7200F2F9E5 /* Base */,
			);
			name = LaunchScreen.storyboard;
			sourceTree = "<group>";
		};
/* End PBXVariantGroup section */

/* Begin XCBuildConfiguration section */
		56051F2025CC6B7200F2F9E5 /* Debug */ = {
			isa = XCBuildConfiguration;
			buildSettings = {
				ALWAYS_SEARCH_USER_PATHS = NO;
				CLANG_ANALYZER_NONNULL = YES;
				CLANG_ANALYZER_NUMBER_OBJECT_CONVERSION = YES_AGGRESSIVE;
				CLANG_CXX_LANGUAGE_STANDARD = "gnu++14";
				CLANG_CXX_LIBRARY = "libc++";
				CLANG_ENABLE_MODULES = YES;
				CLANG_ENABLE_OBJC_ARC = YES;
				CLANG_ENABLE_OBJC_WEAK = YES;
				CLANG_WARN_BLOCK_CAPTURE_AUTORELEASING = YES;
				CLANG_WARN_BOOL_CONVERSION = YES;
				CLANG_WARN_COMMA = YES;
				CLANG_WARN_CONSTANT_CONVERSION = YES;
				CLANG_WARN_DEPRECATED_OBJC_IMPLEMENTATIONS = YES;
				CLANG_WARN_DIRECT_OBJC_ISA_USAGE = YES_ERROR;
				CLANG_WARN_DOCUMENTATION_COMMENTS = YES;
				CLANG_WARN_EMPTY_BODY = YES;
				CLANG_WARN_ENUM_CONVERSION = YES;
				CLANG_WARN_INFINITE_RECURSION = YES;
				CLANG_WARN_INT_CONVERSION = YES;
				CLANG_WARN_NON_LITERAL_NULL_CONVERSION = YES;
				CLANG_WARN_OBJC_IMPLICIT_RETAIN_SELF = YES;
				CLANG_WARN_OBJC_LITERAL_CONVERSION = YES;
				CLANG_WARN_OBJC_ROOT_CLASS = YES_ERROR;
				CLANG_WARN_QUOTED_INCLUDE_IN_FRAMEWORK_HEADER = YES;
				CLANG_WARN_RANGE_LOOP_ANALYSIS = YES;
				CLANG_WARN_STRICT_PROTOTYPES = YES;
				CLANG_WARN_SUSPICIOUS_MOVE = YES;
				CLANG_WARN_UNGUARDED_AVAILABILITY = YES_AGGRESSIVE;
				CLANG_WARN_UNREACHABLE_CODE = YES;
				CLANG_WARN__DUPLICATE_METHOD_MATCH = YES;
				COPY_PHASE_STRIP = NO;
				DEBUG_INFORMATION_FORMAT = dwarf;
				ENABLE_STRICT_OBJC_MSGSEND = YES;
				ENABLE_TESTABILITY = YES;
				GCC_C_LANGUAGE_STANDARD = gnu11;
				GCC_DYNAMIC_NO_PIC = NO;
				GCC_NO_COMMON_BLOCKS = YES;
				GCC_OPTIMIZATION_LEVEL = 0;
				GCC_PREPROCESSOR_DEFINITIONS = (
					"DEBUG=1",
					"$(inherited)",
				);
				GCC_WARN_64_TO_32_BIT_CONVERSION = YES;
				GCC_WARN_ABOUT_RETURN_TYPE = YES_ERROR;
				GCC_WARN_UNDECLARED_SELECTOR = YES;
				GCC_WARN_UNINITIALIZED_AUTOS = YES_AGGRESSIVE;
				GCC_WARN_UNUSED_FUNCTION = YES;
				GCC_WARN_UNUSED_VARIABLE = YES;
				IPHONEOS_DEPLOYMENT_TARGET = 14.4;
				MTL_ENABLE_DEBUG_INFO = INCLUDE_SOURCE;
				MTL_FAST_MATH = YES;
				ONLY_ACTIVE_ARCH = YES;
				SDKROOT = iphoneos;
				SWIFT_ACTIVE_COMPILATION_CONDITIONS = DEBUG;
				SWIFT_OPTIMIZATION_LEVEL = "-Onone";
			};
			name = Debug;
		};
		56051F2125CC6B7200F2F9E5 /* Release */ = {
			isa = XCBuildConfiguration;
			buildSettings = {
				ALWAYS_SEARCH_USER_PATHS = NO;
				CLANG_ANALYZER_NONNULL = YES;
				CLANG_ANALYZER_NUMBER_OBJECT_CONVERSION = YES_AGGRESSIVE;
				CLANG_CXX_LANGUAGE_STANDARD = "gnu++14";
				CLANG_CXX_LIBRARY = "libc++";
				CLANG_ENABLE_MODULES = YES;
				CLANG_ENABLE_OBJC_ARC = YES;
				CLANG_ENABLE_OBJC_WEAK = YES;
				CLANG_WARN_BLOCK_CAPTURE_AUTORELEASING = YES;
				CLANG_WARN_BOOL_CONVERSION = YES;
				CLANG_WARN_COMMA = YES;
				CLANG_WARN_CONSTANT_CONVERSION = YES;
				CLANG_WARN_DEPRECATED_OBJC_IMPLEMENTATIONS = YES;
				CLANG_WARN_DIRECT_OBJC_ISA_USAGE = YES_ERROR;
				CLANG_WARN_DOCUMENTATION_COMMENTS = YES;
				CLANG_WARN_EMPTY_BODY = YES;
				CLANG_WARN_ENUM_CONVERSION = YES;
				CLANG_WARN_INFINITE_RECURSION = YES;
				CLANG_WARN_INT_CONVERSION = YES;
				CLANG_WARN_NON_LITERAL_NULL_CONVERSION = YES;
				CLANG_WARN_OBJC_IMPLICIT_RETAIN_SELF = YES;
				CLANG_WARN_OBJC_LITERAL_CONVERSION = YES;
				CLANG_WARN_OBJC_ROOT_CLASS = YES_ERROR;
				CLANG_WARN_QUOTED_INCLUDE_IN_FRAMEWORK_HEADER = YES;
				CLANG_WARN_RANGE_LOOP_ANALYSIS = YES;
				CLANG_WARN_STRICT_PROTOTYPES = YES;
				CLANG_WARN_SUSPICIOUS_MOVE = YES;
				CLANG_WARN_UNGUARDED_AVAILABILITY = YES_AGGRESSIVE;
				CLANG_WARN_UNREACHABLE_CODE = YES;
				CLANG_WARN__DUPLICATE_METHOD_MATCH = YES;
				COPY_PHASE_STRIP = NO;
				DEBUG_INFORMATION_FORMAT = "dwarf-with-dsym";
				ENABLE_NS_ASSERTIONS = NO;
				ENABLE_STRICT_OBJC_MSGSEND = YES;
				GCC_C_LANGUAGE_STANDARD = gnu11;
				GCC_NO_COMMON_BLOCKS = YES;
				GCC_WARN_64_TO_32_BIT_CONVERSION = YES;
				GCC_WARN_ABOUT_RETURN_TYPE = YES_ERROR;
				GCC_WARN_UNDECLARED_SELECTOR = YES;
				GCC_WARN_UNINITIALIZED_AUTOS = YES_AGGRESSIVE;
				GCC_WARN_UNUSED_FUNCTION = YES;
				GCC_WARN_UNUSED_VARIABLE = YES;
				IPHONEOS_DEPLOYMENT_TARGET = 14.4;
				MTL_ENABLE_DEBUG_INFO = NO;
				MTL_FAST_MATH = YES;
				SDKROOT = iphoneos;
				SWIFT_COMPILATION_MODE = wholemodule;
				SWIFT_OPTIMIZATION_LEVEL = "-O";
				VALIDATE_PRODUCT = YES;
			};
			name = Release;
		};
		56051F2325CC6B7200F2F9E5 /* Debug */ = {
			isa = XCBuildConfiguration;
			buildSettings = {
				ASSETCATALOG_COMPILER_APPICON_NAME = AppIcon;
				ASSETCATALOG_COMPILER_GLOBAL_ACCENT_COLOR_NAME = AccentColor;
				CODE_SIGN_ENTITLEMENTS = OneTribe/OneTribe.entitlements;
				CODE_SIGN_STYLE = Automatic;
				DEVELOPMENT_TEAM = C2QMB8LMM7;
				INFOPLIST_FILE = OneTribe/Info.plist;
				IPHONEOS_DEPLOYMENT_TARGET = 13.0;
				"IPHONEOS_DEPLOYMENT_TARGET[sdk=macosx*]" = 14.2;
				LD_RUNPATH_SEARCH_PATHS = (
					"$(inherited)",
					"@executable_path/Frameworks",
				);
				PRODUCT_BUNDLE_IDENTIFIER = com.onetribe;
				PRODUCT_NAME = "$(TARGET_NAME)";
				SUPPORTS_MACCATALYST = YES;
				SUPPORTS_MAC_DESIGNED_FOR_IPHONE_IPAD = NO;
				SWIFT_VERSION = 5.0;
				TARGETED_DEVICE_FAMILY = "1,2,6";
			};
			name = Debug;
		};
		56051F2425CC6B7200F2F9E5 /* Release */ = {
			isa = XCBuildConfiguration;
			buildSettings = {
				ASSETCATALOG_COMPILER_APPICON_NAME = AppIcon;
				ASSETCATALOG_COMPILER_GLOBAL_ACCENT_COLOR_NAME = AccentColor;
				CODE_SIGN_ENTITLEMENTS = OneTribe/OneTribe.entitlements;
				CODE_SIGN_STYLE = Automatic;
				DEVELOPMENT_TEAM = C2QMB8LMM7;
				INFOPLIST_FILE = OneTribe/Info.plist;
				IPHONEOS_DEPLOYMENT_TARGET = 13.0;
				"IPHONEOS_DEPLOYMENT_TARGET[sdk=macosx*]" = 14.2;
				LD_RUNPATH_SEARCH_PATHS = (
					"$(inherited)",
					"@executable_path/Frameworks",
				);
				PRODUCT_BUNDLE_IDENTIFIER = com.onetribe;
				PRODUCT_NAME = "$(TARGET_NAME)";
				SUPPORTS_MACCATALYST = YES;
				SUPPORTS_MAC_DESIGNED_FOR_IPHONE_IPAD = NO;
				SWIFT_VERSION = 5.0;
				TARGETED_DEVICE_FAMILY = "1,2,6";
			};
			name = Release;
		};
		56051F2625CC6B7200F2F9E5 /* Debug */ = {
			isa = XCBuildConfiguration;
			buildSettings = {
				ALWAYS_EMBED_SWIFT_STANDARD_LIBRARIES = YES;
				BUNDLE_LOADER = "$(TEST_HOST)";
				CODE_SIGN_STYLE = Automatic;
				DEVELOPMENT_TEAM = C2QMB8LMM7;
				INFOPLIST_FILE = OneTribeTests/Info.plist;
				IPHONEOS_DEPLOYMENT_TARGET = 14.4;
				LD_RUNPATH_SEARCH_PATHS = (
					"$(inherited)",
					"@executable_path/Frameworks",
					"@loader_path/Frameworks",
				);
				PRODUCT_BUNDLE_IDENTIFIER = quintin.OneTribeTests;
				PRODUCT_NAME = "$(TARGET_NAME)";
				SWIFT_VERSION = 5.0;
				TARGETED_DEVICE_FAMILY = "1,2";
				TEST_HOST = "$(BUILT_PRODUCTS_DIR)/OneTribe.app/OneTribe";
			};
			name = Debug;
		};
		56051F2725CC6B7200F2F9E5 /* Release */ = {
			isa = XCBuildConfiguration;
			buildSettings = {
				ALWAYS_EMBED_SWIFT_STANDARD_LIBRARIES = YES;
				BUNDLE_LOADER = "$(TEST_HOST)";
				CODE_SIGN_STYLE = Automatic;
				DEVELOPMENT_TEAM = C2QMB8LMM7;
				INFOPLIST_FILE = OneTribeTests/Info.plist;
				IPHONEOS_DEPLOYMENT_TARGET = 14.4;
				LD_RUNPATH_SEARCH_PATHS = (
					"$(inherited)",
					"@executable_path/Frameworks",
					"@loader_path/Frameworks",
				);
				PRODUCT_BUNDLE_IDENTIFIER = quintin.OneTribeTests;
				PRODUCT_NAME = "$(TARGET_NAME)";
				SWIFT_VERSION = 5.0;
				TARGETED_DEVICE_FAMILY = "1,2";
				TEST_HOST = "$(BUILT_PRODUCTS_DIR)/OneTribe.app/OneTribe";
			};
			name = Release;
		};
		56051F2925CC6B7200F2F9E5 /* Debug */ = {
			isa = XCBuildConfiguration;
			buildSettings = {
				ALWAYS_EMBED_SWIFT_STANDARD_LIBRARIES = YES;
				CODE_SIGN_STYLE = Automatic;
				DEVELOPMENT_TEAM = C2QMB8LMM7;
				INFOPLIST_FILE = OneTribeUITests/Info.plist;
				LD_RUNPATH_SEARCH_PATHS = (
					"$(inherited)",
					"@executable_path/Frameworks",
					"@loader_path/Frameworks",
				);
				PRODUCT_BUNDLE_IDENTIFIER = quintin.OneTribeUITests;
				PRODUCT_NAME = "$(TARGET_NAME)";
				SWIFT_VERSION = 5.0;
				TARGETED_DEVICE_FAMILY = "1,2";
				TEST_TARGET_NAME = OneTribe;
			};
			name = Debug;
		};
		56051F2A25CC6B7200F2F9E5 /* Release */ = {
			isa = XCBuildConfiguration;
			buildSettings = {
				ALWAYS_EMBED_SWIFT_STANDARD_LIBRARIES = YES;
				CODE_SIGN_STYLE = Automatic;
				DEVELOPMENT_TEAM = C2QMB8LMM7;
				INFOPLIST_FILE = OneTribeUITests/Info.plist;
				LD_RUNPATH_SEARCH_PATHS = (
					"$(inherited)",
					"@executable_path/Frameworks",
					"@loader_path/Frameworks",
				);
				PRODUCT_BUNDLE_IDENTIFIER = quintin.OneTribeUITests;
				PRODUCT_NAME = "$(TARGET_NAME)";
				SWIFT_VERSION = 5.0;
				TARGETED_DEVICE_FAMILY = "1,2";
				TEST_TARGET_NAME = OneTribe;
			};
			name = Release;
		};
/* End XCBuildConfiguration section */

/* Begin XCConfigurationList section */
		56051EF325CC6B6E00F2F9E5 /* Build configuration list for PBXProject "OneTribe" */ = {
			isa = XCConfigurationList;
			buildConfigurations = (
				56051F2025CC6B7200F2F9E5 /* Debug */,
				56051F2125CC6B7200F2F9E5 /* Release */,
			);
			defaultConfigurationIsVisible = 0;
			defaultConfigurationName = Release;
		};
		56051F2225CC6B7200F2F9E5 /* Build configuration list for PBXNativeTarget "OneTribe" */ = {
			isa = XCConfigurationList;
			buildConfigurations = (
				56051F2325CC6B7200F2F9E5 /* Debug */,
				56051F2425CC6B7200F2F9E5 /* Release */,
			);
			defaultConfigurationIsVisible = 0;
			defaultConfigurationName = Release;
		};
		56051F2525CC6B7200F2F9E5 /* Build configuration list for PBXNativeTarget "OneTribeTests" */ = {
			isa = XCConfigurationList;
			buildConfigurations = (
				56051F2625CC6B7200F2F9E5 /* Debug */,
				56051F2725CC6B7200F2F9E5 /* Release */,
			);
			defaultConfigurationIsVisible = 0;
			defaultConfigurationName = Release;
		};
		56051F2825CC6B7200F2F9E5 /* Build configuration list for PBXNativeTarget "OneTribeUITests" */ = {
			isa = XCConfigurationList;
			buildConfigurations = (
				56051F2925CC6B7200F2F9E5 /* Debug */,
				56051F2A25CC6B7200F2F9E5 /* Release */,
			);
			defaultConfigurationIsVisible = 0;
			defaultConfigurationName = Release;
		};
/* End XCConfigurationList section */

/* Begin XCRemoteSwiftPackageReference section */
		56051F2E25CC6BD500F2F9E5 /* XCRemoteSwiftPackageReference "turbo-ios" */ = {
			isa = XCRemoteSwiftPackageReference;
			repositoryURL = "https://github.com/hotwired/turbo-ios";
			requirement = {
				kind = upToNextMajorVersion;
				minimumVersion = "7.0.0-beta.1";
			};
		};
/* End XCRemoteSwiftPackageReference section */

/* Begin XCSwiftPackageProductDependency section */
		56051F2F25CC6BD500F2F9E5 /* Turbo */ = {
			isa = XCSwiftPackageProductDependency;
			package = 56051F2E25CC6BD500F2F9E5 /* XCRemoteSwiftPackageReference "turbo-ios" */;
			productName = Turbo;
		};
/* End XCSwiftPackageProductDependency section */
	};
	rootObject = 56051EF025CC6B6E00F2F9E5 /* Project object */;
}
